// !$*UTF8*$!
{
	archiveVersion = 1;
	classes = {
	};
	objectVersion = 51;
	objects = {

/* Begin PBXBuildFile section */
		27258A91AD3921A5CD94BE7F /* Pods_Trainer.framework in Frameworks */ = {isa = PBXBuildFile; fileRef = B4DDB689A3DF34C3E9B3B129 /* Pods_Trainer.framework */; };
		6009A2182275266B00F5BD72 /* Constants.swift in Sources */ = {isa = PBXBuildFile; fileRef = 6009A2172275266B00F5BD72 /* Constants.swift */; };
		60248F13226CCAB700D15454 /* AppDelegate.swift in Sources */ = {isa = PBXBuildFile; fileRef = 60248F12226CCAB700D15454 /* AppDelegate.swift */; };
		60248F1B226CCAB700D15454 /* Trainer.xcdatamodeld in Sources */ = {isa = PBXBuildFile; fileRef = 60248F19226CCAB700D15454 /* Trainer.xcdatamodeld */; };
		60248F1D226CCAB900D15454 /* Assets.xcassets in Resources */ = {isa = PBXBuildFile; fileRef = 60248F1C226CCAB900D15454 /* Assets.xcassets */; };
		60248F2B226CCC0F00D15454 /* TabBarController.swift in Sources */ = {isa = PBXBuildFile; fileRef = 60248F2A226CCC0F00D15454 /* TabBarController.swift */; };
		60248F2D226CCC6300D15454 /* HomeViewController.swift in Sources */ = {isa = PBXBuildFile; fileRef = 60248F2C226CCC6300D15454 /* HomeViewController.swift */; };
		60248F2F226CCC6C00D15454 /* SearchViewController.swift in Sources */ = {isa = PBXBuildFile; fileRef = 60248F2E226CCC6C00D15454 /* SearchViewController.swift */; };
		60248F31226CCC7600D15454 /* ProgressViewController.swift in Sources */ = {isa = PBXBuildFile; fileRef = 60248F30226CCC7600D15454 /* ProgressViewController.swift */; };
		60248F33226CCC7F00D15454 /* ProfileViewController.swift in Sources */ = {isa = PBXBuildFile; fileRef = 60248F32226CCC7F00D15454 /* ProfileViewController.swift */; };
		60248F35226D110D00D15454 /* HomeViewController+NavBar.swift in Sources */ = {isa = PBXBuildFile; fileRef = 60248F34226D110D00D15454 /* HomeViewController+NavBar.swift */; };
		60248F41226D391700D15454 /* Extensions.swift in Sources */ = {isa = PBXBuildFile; fileRef = 60248F40226D391700D15454 /* Extensions.swift */; };
		6033D92D2278052F00D74FAA /* Post.swift in Sources */ = {isa = PBXBuildFile; fileRef = 6033D92C2278052F00D74FAA /* Post.swift */; };
		6033D92F2278057800D74FAA /* User.swift in Sources */ = {isa = PBXBuildFile; fileRef = 6033D92E2278057800D74FAA /* User.swift */; };
		6033D9312278062D00D74FAA /* Comment.swift in Sources */ = {isa = PBXBuildFile; fileRef = 6033D9302278062D00D74FAA /* Comment.swift */; };
		603D508D22DF65600023E856 /* ModernPostCell.swift in Sources */ = {isa = PBXBuildFile; fileRef = 603D508C22DF65600023E856 /* ModernPostCell.swift */; };
		6051DF6B22CEA411002364E4 /* BaseWelcomeViewController.swift in Sources */ = {isa = PBXBuildFile; fileRef = 6051DF6A22CEA411002364E4 /* BaseWelcomeViewController.swift */; };
		6051DF7122D00012002364E4 /* LoginViewController.swift in Sources */ = {isa = PBXBuildFile; fileRef = 6051DF7022D00012002364E4 /* LoginViewController.swift */; };
		6051DF7322D0001B002364E4 /* SignUpViewController.swift in Sources */ = {isa = PBXBuildFile; fileRef = 6051DF7222D0001B002364E4 /* SignUpViewController.swift */; };
		6051DF7522D00115002364E4 /* WelcomeAccountHeaderView.swift in Sources */ = {isa = PBXBuildFile; fileRef = 6051DF7422D00115002364E4 /* WelcomeAccountHeaderView.swift */; };
		6051DF7722D001CD002364E4 /* WelcomeAccountViewController.swift in Sources */ = {isa = PBXBuildFile; fileRef = 6051DF7622D001CD002364E4 /* WelcomeAccountViewController.swift */; };
		6051DF7922D0108A002364E4 /* SelectAvatarView.swift in Sources */ = {isa = PBXBuildFile; fileRef = 6051DF7822D0108A002364E4 /* SelectAvatarView.swift */; };
		605946DE22EAB0180099C796 /* WorkoutCell.swift in Sources */ = {isa = PBXBuildFile; fileRef = 605946DD22EAB0180099C796 /* WorkoutCell.swift */; };
		605946E022EC1E210099C796 /* ProgressMiniHeaderView.swift in Sources */ = {isa = PBXBuildFile; fileRef = 605946DF22EC1E210099C796 /* ProgressMiniHeaderView.swift */; };
		605946E222ECB7AD0099C796 /* ProgressHeaderView.swift in Sources */ = {isa = PBXBuildFile; fileRef = 605946E122ECB7AD0099C796 /* ProgressHeaderView.swift */; };
		605946E422ED1D8B0099C796 /* ProgressDatasource.swift in Sources */ = {isa = PBXBuildFile; fileRef = 605946E322ED1D8B0099C796 /* ProgressDatasource.swift */; };
		605946E622ED2A7B0099C796 /* WorkoutCheckView.swift in Sources */ = {isa = PBXBuildFile; fileRef = 605946E522ED2A7A0099C796 /* WorkoutCheckView.swift */; };
		6087759422E5086F00FB1892 /* CustomFlowLayout.swift in Sources */ = {isa = PBXBuildFile; fileRef = 6087759322E5086F00FB1892 /* CustomFlowLayout.swift */; };
		608A36BA22E5549D0099D87C /* BorderedImageView.swift in Sources */ = {isa = PBXBuildFile; fileRef = 608A36B922E5549D0099D87C /* BorderedImageView.swift */; };
		608A36BD22E6C1670099D87C /* ExperimentalSignInWithApple.swift in Sources */ = {isa = PBXBuildFile; fileRef = 608A36BC22E6C1670099D87C /* ExperimentalSignInWithApple.swift */; };
		60A58CA622DABF3400556651 /* SwipeViewController.swift in Sources */ = {isa = PBXBuildFile; fileRef = 60A58CA522DABF3400556651 /* SwipeViewController.swift */; };
		60BDD3E922923FEA00128352 /* ExpandablePostCell.swift in Sources */ = {isa = PBXBuildFile; fileRef = 60BDD3E822923FEA00128352 /* ExpandablePostCell.swift */; };
		60BDD3EE22925B5600128352 /* PostCellView.swift in Sources */ = {isa = PBXBuildFile; fileRef = 60BDD3ED22925B5600128352 /* PostCellView.swift */; };
		60BDD3F022925C6600128352 /* HomeScreenPostCellView.swift in Sources */ = {isa = PBXBuildFile; fileRef = 60BDD3EF22925C6600128352 /* HomeScreenPostCellView.swift */; };
		60CA4696228794370082893E /* ScrollableImageView.swift in Sources */ = {isa = PBXBuildFile; fileRef = 60CA4695228794370082893E /* ScrollableImageView.swift */; };
		60CA4698228893C50082893E /* DetailedPostViewController.swift in Sources */ = {isa = PBXBuildFile; fileRef = 60CA4697228893C50082893E /* DetailedPostViewController.swift */; };
		60CA469C22889BC10082893E /* ImagePreviewViewController.swift in Sources */ = {isa = PBXBuildFile; fileRef = 60CA469B22889BC10082893E /* ImagePreviewViewController.swift */; };
		60CA46A02289108B0082893E /* ButtonWithImage.swift in Sources */ = {isa = PBXBuildFile; fileRef = 60CA469F2289108B0082893E /* ButtonWithImage.swift */; };
		60CFC81F22CC22590077C71A /* PostBottomSheetViewController.swift in Sources */ = {isa = PBXBuildFile; fileRef = 60CFC81E22CC22590077C71A /* PostBottomSheetViewController.swift */; };
		60F10CF422E808FC004B8241 /* ProgressMiniHeaderView.swift in Sources */ = {isa = PBXBuildFile; fileRef = 60F10CF322E808FC004B8241 /* ProgressMiniHeaderView.swift */; };
		60F10CF622E80928004B8241 /* ProgressView.swift in Sources */ = {isa = PBXBuildFile; fileRef = 60F10CF522E80928004B8241 /* ProgressView.swift */; };
		60F3CF1122CE7864006F6436 /* BaseSearchPageViewController.swift in Sources */ = {isa = PBXBuildFile; fileRef = 60F3CF1022CE7864006F6436 /* BaseSearchPageViewController.swift */; };
		60F3CF1322CE788F006F6436 /* GymsSearchViewController.swift in Sources */ = {isa = PBXBuildFile; fileRef = 60F3CF1222CE788F006F6436 /* GymsSearchViewController.swift */; };
		60F3CF1922CE78FD006F6436 /* TrainersSearchViewController.swift in Sources */ = {isa = PBXBuildFile; fileRef = 60F3CF1822CE78FD006F6436 /* TrainersSearchViewController.swift */; };
		60F3CF1B22CE7910006F6436 /* WorkoutsSearchViewController.swift in Sources */ = {isa = PBXBuildFile; fileRef = 60F3CF1A22CE7910006F6436 /* WorkoutsSearchViewController.swift */; };
		60F3CF1D22CE792D006F6436 /* GymDataSource.swift in Sources */ = {isa = PBXBuildFile; fileRef = 60F3CF1C22CE792D006F6436 /* GymDataSource.swift */; };
		60F3CF1F22CE794F006F6436 /* SearchDataSource.swift in Sources */ = {isa = PBXBuildFile; fileRef = 60F3CF1E22CE794F006F6436 /* SearchDataSource.swift */; };
		60F3CF2122CE7960006F6436 /* TrainersDataSource.swift in Sources */ = {isa = PBXBuildFile; fileRef = 60F3CF2022CE7960006F6436 /* TrainersDataSource.swift */; };
		60F3CF2322CE796E006F6436 /* WorkoutDatasource.swift in Sources */ = {isa = PBXBuildFile; fileRef = 60F3CF2222CE796E006F6436 /* WorkoutDatasource.swift */; };
		60F3CF2522CE79B4006F6436 /* Enums.swift in Sources */ = {isa = PBXBuildFile; fileRef = 60F3CF2422CE79B4006F6436 /* Enums.swift */; };
		60F3CF2822CE7A1C006F6436 /* SearchGymCell.swift in Sources */ = {isa = PBXBuildFile; fileRef = 60F3CF2722CE7A1C006F6436 /* SearchGymCell.swift */; };
		60F3CF2A22CE7A3B006F6436 /* SearchHeader.swift in Sources */ = {isa = PBXBuildFile; fileRef = 60F3CF2922CE7A3B006F6436 /* SearchHeader.swift */; };
		60F3CF2C22CE7A4C006F6436 /* SearchHeaderCell.swift in Sources */ = {isa = PBXBuildFile; fileRef = 60F3CF2B22CE7A4C006F6436 /* SearchHeaderCell.swift */; };
		60F3CF2E22CE7A65006F6436 /* SearchTrainerCell.swift in Sources */ = {isa = PBXBuildFile; fileRef = 60F3CF2D22CE7A65006F6436 /* SearchTrainerCell.swift */; };
		60F3CF3022CE85EE006F6436 /* WelcomeViewController.swift in Sources */ = {isa = PBXBuildFile; fileRef = 60F3CF2F22CE85EE006F6436 /* WelcomeViewController.swift */; };
		60F9A8402298DC73007D34BD /* HomeScreenStoryCellView.swift in Sources */ = {isa = PBXBuildFile; fileRef = 60F9A83F2298DC73007D34BD /* HomeScreenStoryCellView.swift */; };
		60F9A8422298EC3E007D34BD /* Story.swift in Sources */ = {isa = PBXBuildFile; fileRef = 60F9A8412298EC3E007D34BD /* Story.swift */; };
		60F9A8442298FEDB007D34BD /* StoryImageView.swift in Sources */ = {isa = PBXBuildFile; fileRef = 60F9A8432298FEDB007D34BD /* StoryImageView.swift */; };
/* End PBXBuildFile section */

/* Begin PBXFileReference section */
		6009A2172275266B00F5BD72 /* Constants.swift */ = {isa = PBXFileReference; lastKnownFileType = sourcecode.swift; path = Constants.swift; sourceTree = "<group>"; };
		60248F0F226CCAB700D15454 /* Trainer.app */ = {isa = PBXFileReference; explicitFileType = wrapper.application; includeInIndex = 0; path = Trainer.app; sourceTree = BUILT_PRODUCTS_DIR; };
		60248F12226CCAB700D15454 /* AppDelegate.swift */ = {isa = PBXFileReference; lastKnownFileType = sourcecode.swift; path = AppDelegate.swift; sourceTree = "<group>"; };
		60248F1A226CCAB700D15454 /* Trainer.xcdatamodel */ = {isa = PBXFileReference; lastKnownFileType = wrapper.xcdatamodel; path = Trainer.xcdatamodel; sourceTree = "<group>"; };
		60248F1C226CCAB900D15454 /* Assets.xcassets */ = {isa = PBXFileReference; lastKnownFileType = folder.assetcatalog; path = Assets.xcassets; sourceTree = "<group>"; };
		60248F21226CCAB900D15454 /* Info.plist */ = {isa = PBXFileReference; lastKnownFileType = text.plist.xml; path = Info.plist; sourceTree = "<group>"; };
		60248F2A226CCC0F00D15454 /* TabBarController.swift */ = {isa = PBXFileReference; lastKnownFileType = sourcecode.swift; path = TabBarController.swift; sourceTree = "<group>"; };
		60248F2C226CCC6300D15454 /* HomeViewController.swift */ = {isa = PBXFileReference; lastKnownFileType = sourcecode.swift; path = HomeViewController.swift; sourceTree = "<group>"; };
		60248F2E226CCC6C00D15454 /* SearchViewController.swift */ = {isa = PBXFileReference; lastKnownFileType = sourcecode.swift; path = SearchViewController.swift; sourceTree = "<group>"; };
		60248F30226CCC7600D15454 /* ProgressViewController.swift */ = {isa = PBXFileReference; lastKnownFileType = sourcecode.swift; path = ProgressViewController.swift; sourceTree = "<group>"; };
		60248F32226CCC7F00D15454 /* ProfileViewController.swift */ = {isa = PBXFileReference; lastKnownFileType = sourcecode.swift; path = ProfileViewController.swift; sourceTree = "<group>"; };
		60248F34226D110D00D15454 /* HomeViewController+NavBar.swift */ = {isa = PBXFileReference; lastKnownFileType = sourcecode.swift; path = "HomeViewController+NavBar.swift"; sourceTree = "<group>"; };
		60248F40226D391700D15454 /* Extensions.swift */ = {isa = PBXFileReference; lastKnownFileType = sourcecode.swift; path = Extensions.swift; sourceTree = "<group>"; };
		6033D92C2278052F00D74FAA /* Post.swift */ = {isa = PBXFileReference; lastKnownFileType = sourcecode.swift; path = Post.swift; sourceTree = "<group>"; };
		6033D92E2278057800D74FAA /* User.swift */ = {isa = PBXFileReference; lastKnownFileType = sourcecode.swift; path = User.swift; sourceTree = "<group>"; };
		6033D9302278062D00D74FAA /* Comment.swift */ = {isa = PBXFileReference; lastKnownFileType = sourcecode.swift; path = Comment.swift; sourceTree = "<group>"; };
		603D508C22DF65600023E856 /* ModernPostCell.swift */ = {isa = PBXFileReference; lastKnownFileType = sourcecode.swift; path = ModernPostCell.swift; sourceTree = "<group>"; };
		6051DF6A22CEA411002364E4 /* BaseWelcomeViewController.swift */ = {isa = PBXFileReference; lastKnownFileType = sourcecode.swift; path = BaseWelcomeViewController.swift; sourceTree = "<group>"; };
		6051DF7022D00012002364E4 /* LoginViewController.swift */ = {isa = PBXFileReference; lastKnownFileType = sourcecode.swift; path = LoginViewController.swift; sourceTree = "<group>"; };
		6051DF7222D0001B002364E4 /* SignUpViewController.swift */ = {isa = PBXFileReference; lastKnownFileType = sourcecode.swift; path = SignUpViewController.swift; sourceTree = "<group>"; };
		6051DF7422D00115002364E4 /* WelcomeAccountHeaderView.swift */ = {isa = PBXFileReference; lastKnownFileType = sourcecode.swift; path = WelcomeAccountHeaderView.swift; sourceTree = "<group>"; };
		6051DF7622D001CD002364E4 /* WelcomeAccountViewController.swift */ = {isa = PBXFileReference; lastKnownFileType = sourcecode.swift; path = WelcomeAccountViewController.swift; sourceTree = "<group>"; };
		6051DF7822D0108A002364E4 /* SelectAvatarView.swift */ = {isa = PBXFileReference; lastKnownFileType = sourcecode.swift; path = SelectAvatarView.swift; sourceTree = "<group>"; };
		605946DD22EAB0180099C796 /* WorkoutCell.swift */ = {isa = PBXFileReference; lastKnownFileType = sourcecode.swift; path = WorkoutCell.swift; sourceTree = "<group>"; };
		605946DF22EC1E210099C796 /* ProgressMiniHeaderView.swift */ = {isa = PBXFileReference; lastKnownFileType = sourcecode.swift; path = ProgressMiniHeaderView.swift; sourceTree = "<group>"; };
		605946E122ECB7AD0099C796 /* ProgressHeaderView.swift */ = {isa = PBXFileReference; lastKnownFileType = sourcecode.swift; path = ProgressHeaderView.swift; sourceTree = "<group>"; };
		605946E322ED1D8B0099C796 /* ProgressDatasource.swift */ = {isa = PBXFileReference; lastKnownFileType = sourcecode.swift; path = ProgressDatasource.swift; sourceTree = "<group>"; };
		605946E522ED2A7A0099C796 /* WorkoutCheckView.swift */ = {isa = PBXFileReference; lastKnownFileType = sourcecode.swift; path = WorkoutCheckView.swift; sourceTree = "<group>"; };
		6087759322E5086F00FB1892 /* CustomFlowLayout.swift */ = {isa = PBXFileReference; lastKnownFileType = sourcecode.swift; path = CustomFlowLayout.swift; sourceTree = "<group>"; };
		608A36B922E5549D0099D87C /* BorderedImageView.swift */ = {isa = PBXFileReference; lastKnownFileType = sourcecode.swift; path = BorderedImageView.swift; sourceTree = "<group>"; };
		608A36BB22E6C0B60099D87C /* Trainer.entitlements */ = {isa = PBXFileReference; lastKnownFileType = text.plist.entitlements; path = Trainer.entitlements; sourceTree = "<group>"; };
		608A36BC22E6C1670099D87C /* ExperimentalSignInWithApple.swift */ = {isa = PBXFileReference; lastKnownFileType = sourcecode.swift; path = ExperimentalSignInWithApple.swift; sourceTree = "<group>"; };
		60A58CA522DABF3400556651 /* SwipeViewController.swift */ = {isa = PBXFileReference; lastKnownFileType = sourcecode.swift; path = SwipeViewController.swift; sourceTree = "<group>"; };
		60BDD3E822923FEA00128352 /* ExpandablePostCell.swift */ = {isa = PBXFileReference; lastKnownFileType = sourcecode.swift; path = ExpandablePostCell.swift; sourceTree = "<group>"; };
		60BDD3ED22925B5600128352 /* PostCellView.swift */ = {isa = PBXFileReference; lastKnownFileType = sourcecode.swift; path = PostCellView.swift; sourceTree = "<group>"; };
		60BDD3EF22925C6600128352 /* HomeScreenPostCellView.swift */ = {isa = PBXFileReference; lastKnownFileType = sourcecode.swift; path = HomeScreenPostCellView.swift; sourceTree = "<group>"; };
		60CA4695228794370082893E /* ScrollableImageView.swift */ = {isa = PBXFileReference; lastKnownFileType = sourcecode.swift; path = ScrollableImageView.swift; sourceTree = "<group>"; };
		60CA4697228893C50082893E /* DetailedPostViewController.swift */ = {isa = PBXFileReference; lastKnownFileType = sourcecode.swift; path = DetailedPostViewController.swift; sourceTree = "<group>"; };
		60CA469B22889BC10082893E /* ImagePreviewViewController.swift */ = {isa = PBXFileReference; lastKnownFileType = sourcecode.swift; path = ImagePreviewViewController.swift; sourceTree = "<group>"; };
		60CA469F2289108B0082893E /* ButtonWithImage.swift */ = {isa = PBXFileReference; lastKnownFileType = sourcecode.swift; path = ButtonWithImage.swift; sourceTree = "<group>"; };
		60CFC81E22CC22590077C71A /* PostBottomSheetViewController.swift */ = {isa = PBXFileReference; lastKnownFileType = sourcecode.swift; path = PostBottomSheetViewController.swift; sourceTree = "<group>"; };
		60F10CF322E808FC004B8241 /* ProgressMiniHeaderView.swift */ = {isa = PBXFileReference; lastKnownFileType = sourcecode.swift; path = ProgressMiniHeaderView.swift; sourceTree = "<group>"; };
		60F10CF522E80928004B8241 /* ProgressView.swift */ = {isa = PBXFileReference; lastKnownFileType = sourcecode.swift; path = ProgressView.swift; sourceTree = "<group>"; };
		60F3CF1022CE7864006F6436 /* BaseSearchPageViewController.swift */ = {isa = PBXFileReference; lastKnownFileType = sourcecode.swift; path = BaseSearchPageViewController.swift; sourceTree = "<group>"; };
		60F3CF1222CE788F006F6436 /* GymsSearchViewController.swift */ = {isa = PBXFileReference; lastKnownFileType = sourcecode.swift; path = GymsSearchViewController.swift; sourceTree = "<group>"; };
		60F3CF1822CE78FD006F6436 /* TrainersSearchViewController.swift */ = {isa = PBXFileReference; lastKnownFileType = sourcecode.swift; path = TrainersSearchViewController.swift; sourceTree = "<group>"; };
		60F3CF1A22CE7910006F6436 /* WorkoutsSearchViewController.swift */ = {isa = PBXFileReference; lastKnownFileType = sourcecode.swift; path = WorkoutsSearchViewController.swift; sourceTree = "<group>"; };
		60F3CF1C22CE792D006F6436 /* GymDataSource.swift */ = {isa = PBXFileReference; lastKnownFileType = sourcecode.swift; path = GymDataSource.swift; sourceTree = "<group>"; };
		60F3CF1E22CE794F006F6436 /* SearchDataSource.swift */ = {isa = PBXFileReference; lastKnownFileType = sourcecode.swift; path = SearchDataSource.swift; sourceTree = "<group>"; };
		60F3CF2022CE7960006F6436 /* TrainersDataSource.swift */ = {isa = PBXFileReference; lastKnownFileType = sourcecode.swift; path = TrainersDataSource.swift; sourceTree = "<group>"; };
		60F3CF2222CE796E006F6436 /* WorkoutDatasource.swift */ = {isa = PBXFileReference; lastKnownFileType = sourcecode.swift; path = WorkoutDatasource.swift; sourceTree = "<group>"; };
		60F3CF2422CE79B4006F6436 /* Enums.swift */ = {isa = PBXFileReference; lastKnownFileType = sourcecode.swift; path = Enums.swift; sourceTree = "<group>"; };
		60F3CF2722CE7A1C006F6436 /* SearchGymCell.swift */ = {isa = PBXFileReference; lastKnownFileType = sourcecode.swift; path = SearchGymCell.swift; sourceTree = "<group>"; };
		60F3CF2922CE7A3B006F6436 /* SearchHeader.swift */ = {isa = PBXFileReference; lastKnownFileType = sourcecode.swift; path = SearchHeader.swift; sourceTree = "<group>"; };
		60F3CF2B22CE7A4C006F6436 /* SearchHeaderCell.swift */ = {isa = PBXFileReference; lastKnownFileType = sourcecode.swift; path = SearchHeaderCell.swift; sourceTree = "<group>"; };
		60F3CF2D22CE7A65006F6436 /* SearchTrainerCell.swift */ = {isa = PBXFileReference; lastKnownFileType = sourcecode.swift; path = SearchTrainerCell.swift; sourceTree = "<group>"; };
		60F3CF2F22CE85EE006F6436 /* WelcomeViewController.swift */ = {isa = PBXFileReference; lastKnownFileType = sourcecode.swift; path = WelcomeViewController.swift; sourceTree = "<group>"; };
		60F9A83F2298DC73007D34BD /* HomeScreenStoryCellView.swift */ = {isa = PBXFileReference; lastKnownFileType = sourcecode.swift; path = HomeScreenStoryCellView.swift; sourceTree = "<group>"; };
		60F9A8412298EC3E007D34BD /* Story.swift */ = {isa = PBXFileReference; lastKnownFileType = sourcecode.swift; path = Story.swift; sourceTree = "<group>"; };
		60F9A8432298FEDB007D34BD /* StoryImageView.swift */ = {isa = PBXFileReference; lastKnownFileType = sourcecode.swift; path = StoryImageView.swift; sourceTree = "<group>"; };
		AEE660003C4A9DB2260E64AF /* Pods-Trainer.debug.xcconfig */ = {isa = PBXFileReference; includeInIndex = 1; lastKnownFileType = text.xcconfig; name = "Pods-Trainer.debug.xcconfig"; path = "Target Support Files/Pods-Trainer/Pods-Trainer.debug.xcconfig"; sourceTree = "<group>"; };
		B4DDB689A3DF34C3E9B3B129 /* Pods_Trainer.framework */ = {isa = PBXFileReference; explicitFileType = wrapper.framework; includeInIndex = 0; path = Pods_Trainer.framework; sourceTree = BUILT_PRODUCTS_DIR; };
		DA2034F8074CB63128A822F1 /* Pods-Trainer.release.xcconfig */ = {isa = PBXFileReference; includeInIndex = 1; lastKnownFileType = text.xcconfig; name = "Pods-Trainer.release.xcconfig"; path = "Target Support Files/Pods-Trainer/Pods-Trainer.release.xcconfig"; sourceTree = "<group>"; };
/* End PBXFileReference section */

/* Begin PBXFrameworksBuildPhase section */
		60248F0C226CCAB700D15454 /* Frameworks */ = {
			isa = PBXFrameworksBuildPhase;
			buildActionMask = 2147483647;
			files = (
				27258A91AD3921A5CD94BE7F /* Pods_Trainer.framework in Frameworks */,
			);
			runOnlyForDeploymentPostprocessing = 0;
		};
/* End PBXFrameworksBuildPhase section */

/* Begin PBXGroup section */
		2D1F6731D2E58A8F6D02FDB6 /* Frameworks */ = {
			isa = PBXGroup;
			children = (
				B4DDB689A3DF34C3E9B3B129 /* Pods_Trainer.framework */,
			);
			name = Frameworks;
			sourceTree = "<group>";
		};
		60248F06226CCAB700D15454 = {
			isa = PBXGroup;
			children = (
				60248F11226CCAB700D15454 /* Trainer */,
				60248F10226CCAB700D15454 /* Products */,
				72999F96FD487445E3AF0F35 /* Pods */,
				2D1F6731D2E58A8F6D02FDB6 /* Frameworks */,
			);
			sourceTree = "<group>";
		};
		60248F10226CCAB700D15454 /* Products */ = {
			isa = PBXGroup;
			children = (
				60248F0F226CCAB700D15454 /* Trainer.app */,
			);
			name = Products;
			sourceTree = "<group>";
		};
		60248F11226CCAB700D15454 /* Trainer */ = {
			isa = PBXGroup;
			children = (
				608A36BB22E6C0B60099D87C /* Trainer.entitlements */,
				60248F27226CCAC400D15454 /* Supporting Files */,
				60CA46A1228913690082893E /* Custom UI */,
				60248F3F226D390900D15454 /* Utils */,
				60248F36226D111600D15454 /* Controllers */,
				60248F38226D112300D15454 /* Models */,
				60248F37226D111E00D15454 /* Views */,
			);
			path = Trainer;
			sourceTree = "<group>";
		};
		60248F27226CCAC400D15454 /* Supporting Files */ = {
			isa = PBXGroup;
			children = (
				60248F12226CCAB700D15454 /* AppDelegate.swift */,
				60248F1C226CCAB900D15454 /* Assets.xcassets */,
				60248F19226CCAB700D15454 /* Trainer.xcdatamodeld */,
				60248F21226CCAB900D15454 /* Info.plist */,
			);
			path = "Supporting Files";
			sourceTree = "<group>";
		};
		60248F36226D111600D15454 /* Controllers */ = {
			isa = PBXGroup;
			children = (
				60F3CF3122CE85F4006F6436 /* Sign Up Flow */,
				60248F39226D113B00D15454 /* Home View Controllers */,
				60248F3B226D114E00D15454 /* Search View Controllers */,
				60248F3C226D115600D15454 /* Progress View Controllers */,
				60248F3A226D114700D15454 /* Profile View Controllers */,
				60248F2A226CCC0F00D15454 /* TabBarController.swift */,
				60CA469B22889BC10082893E /* ImagePreviewViewController.swift */,
			);
			path = Controllers;
			sourceTree = "<group>";
		};
		60248F37226D111E00D15454 /* Views */ = {
			isa = PBXGroup;
			children = (
				60CA4694228793F30082893E /* Home Views */,
				60F10CF222E808B8004B8241 /* Progress Views */,
				60F3CF2622CE7A13006F6436 /* Search Views */,
				608A36B822E5138A0099D87C /* Welcome Flow Views */,
				608A36B922E5549D0099D87C /* BorderedImageView.swift */,
			);
			path = Views;
			sourceTree = "<group>";
		};
		60248F38226D112300D15454 /* Models */ = {
			isa = PBXGroup;
			children = (
				6033D92C2278052F00D74FAA /* Post.swift */,
				6033D92E2278057800D74FAA /* User.swift */,
				6033D9302278062D00D74FAA /* Comment.swift */,
				60F9A8412298EC3E007D34BD /* Story.swift */,
				60F3CF1C22CE792D006F6436 /* GymDataSource.swift */,
				60F3CF1E22CE794F006F6436 /* SearchDataSource.swift */,
				60F3CF2022CE7960006F6436 /* TrainersDataSource.swift */,
				60F3CF2222CE796E006F6436 /* WorkoutDatasource.swift */,
				605946E322ED1D8B0099C796 /* ProgressDatasource.swift */,
			);
			path = Models;
			sourceTree = "<group>";
		};
		60248F39226D113B00D15454 /* Home View Controllers */ = {
			isa = PBXGroup;
			children = (
				60CA469122876B6F0082893E /* Post */,
				60248F2C226CCC6300D15454 /* HomeViewController.swift */,
				60248F34226D110D00D15454 /* HomeViewController+NavBar.swift */,
				60CA4697228893C50082893E /* DetailedPostViewController.swift */,
			);
			path = "Home View Controllers";
			sourceTree = "<group>";
		};
		60248F3A226D114700D15454 /* Profile View Controllers */ = {
			isa = PBXGroup;
			children = (
				60248F32226CCC7F00D15454 /* ProfileViewController.swift */,
			);
			path = "Profile View Controllers";
			sourceTree = "<group>";
		};
		60248F3B226D114E00D15454 /* Search View Controllers */ = {
			isa = PBXGroup;
			children = (
				60248F2E226CCC6C00D15454 /* SearchViewController.swift */,
				60F3CF1022CE7864006F6436 /* BaseSearchPageViewController.swift */,
				60F3CF1222CE788F006F6436 /* GymsSearchViewController.swift */,
				60F3CF1822CE78FD006F6436 /* TrainersSearchViewController.swift */,
				60F3CF1A22CE7910006F6436 /* WorkoutsSearchViewController.swift */,
				60A58CA522DABF3400556651 /* SwipeViewController.swift */,
			);
			path = "Search View Controllers";
			sourceTree = "<group>";
		};
		60248F3C226D115600D15454 /* Progress View Controllers */ = {
			isa = PBXGroup;
			children = (
				60248F30226CCC7600D15454 /* ProgressViewController.swift */,
			);
			path = "Progress View Controllers";
			sourceTree = "<group>";
		};
		60248F3F226D390900D15454 /* Utils */ = {
			isa = PBXGroup;
			children = (
				60248F40226D391700D15454 /* Extensions.swift */,
				6009A2172275266B00F5BD72 /* Constants.swift */,
				60F3CF2422CE79B4006F6436 /* Enums.swift */,
				6087759322E5086F00FB1892 /* CustomFlowLayout.swift */,
			);
			path = Utils;
			sourceTree = "<group>";
		};
		608A36B822E5138A0099D87C /* Welcome Flow Views */ = {
			isa = PBXGroup;
			children = (
				6051DF7822D0108A002364E4 /* SelectAvatarView.swift */,
				6051DF7422D00115002364E4 /* WelcomeAccountHeaderView.swift */,
			);
			path = "Welcome Flow Views";
			sourceTree = "<group>";
		};
		60CA469122876B6F0082893E /* Post */ = {
			isa = PBXGroup;
			children = (
				60CFC81E22CC22590077C71A /* PostBottomSheetViewController.swift */,
			);
			path = Post;
			sourceTree = "<group>";
		};
		60CA4694228793F30082893E /* Home Views */ = {
			isa = PBXGroup;
			children = (
				60BDD3ED22925B5600128352 /* PostCellView.swift */,
				60BDD3EF22925C6600128352 /* HomeScreenPostCellView.swift */,
				60F9A83F2298DC73007D34BD /* HomeScreenStoryCellView.swift */,
				60BDD3E822923FEA00128352 /* ExpandablePostCell.swift */,
				60CA4695228794370082893E /* ScrollableImageView.swift */,
				60F9A8432298FEDB007D34BD /* StoryImageView.swift */,
				603D508C22DF65600023E856 /* ModernPostCell.swift */,
			);
			path = "Home Views";
			sourceTree = "<group>";
		};
		60CA46A1228913690082893E /* Custom UI */ = {
			isa = PBXGroup;
			children = (
				60CA469F2289108B0082893E /* ButtonWithImage.swift */,
			);
			path = "Custom UI";
			sourceTree = "<group>";
		};
		60F10CF222E808B8004B8241 /* Progress Views */ = {
			isa = PBXGroup;
			children = (
				60F10CF322E808FC004B8241 /* ProgressMiniHeaderView.swift */,
				60F10CF522E80928004B8241 /* ProgressView.swift */,
				605946DD22EAB0180099C796 /* WorkoutCell.swift */,
				605946DF22EC1E210099C796 /* ProgressMiniHeaderView.swift */,
				605946E122ECB7AD0099C796 /* ProgressHeaderView.swift */,
				605946E522ED2A7A0099C796 /* WorkoutCheckView.swift */,
			);
			name = "Progress Views";
			path = ../..;
			sourceTree = "<group>";
		};
		60F3CF2622CE7A13006F6436 /* Search Views */ = {
			isa = PBXGroup;
			children = (
				60F3CF2722CE7A1C006F6436 /* SearchGymCell.swift */,
				60F3CF2922CE7A3B006F6436 /* SearchHeader.swift */,
				60F3CF2B22CE7A4C006F6436 /* SearchHeaderCell.swift */,
				60F3CF2D22CE7A65006F6436 /* SearchTrainerCell.swift */,
			);
			path = "Search Views";
			sourceTree = "<group>";
		};
		60F3CF3122CE85F4006F6436 /* Sign Up Flow */ = {
			isa = PBXGroup;
			children = (
				6051DF6A22CEA411002364E4 /* BaseWelcomeViewController.swift */,
				60F3CF2F22CE85EE006F6436 /* WelcomeViewController.swift */,
				6051DF7222D0001B002364E4 /* SignUpViewController.swift */,
				6051DF7022D00012002364E4 /* LoginViewController.swift */,
				6051DF7622D001CD002364E4 /* WelcomeAccountViewController.swift */,
				608A36BC22E6C1670099D87C /* ExperimentalSignInWithApple.swift */,
			);
			path = "Sign Up Flow";
			sourceTree = "<group>";
		};
		72999F96FD487445E3AF0F35 /* Pods */ = {
			isa = PBXGroup;
			children = (
				AEE660003C4A9DB2260E64AF /* Pods-Trainer.debug.xcconfig */,
				DA2034F8074CB63128A822F1 /* Pods-Trainer.release.xcconfig */,
			);
			path = Pods;
			sourceTree = "<group>";
		};
/* End PBXGroup section */

/* Begin PBXNativeTarget section */
		60248F0E226CCAB700D15454 /* Trainer */ = {
			isa = PBXNativeTarget;
			buildConfigurationList = 60248F24226CCAB900D15454 /* Build configuration list for PBXNativeTarget "Trainer" */;
			buildPhases = (
				973A4E20AEDDC82BB418E8B3 /* [CP] Check Pods Manifest.lock */,
				60248F0B226CCAB700D15454 /* Sources */,
				60248F0C226CCAB700D15454 /* Frameworks */,
				60248F0D226CCAB700D15454 /* Resources */,
				54CD9843D70ED994E7BBB989 /* [CP] Embed Pods Frameworks */,
			);
			buildRules = (
			);
			dependencies = (
			);
			name = Trainer;
			productName = Trainer;
			productReference = 60248F0F226CCAB700D15454 /* Trainer.app */;
			productType = "com.apple.product-type.application";
		};
/* End PBXNativeTarget section */

/* Begin PBXProject section */
		60248F07226CCAB700D15454 /* Project object */ = {
			isa = PBXProject;
			attributes = {
				LastSwiftUpdateCheck = 1020;
				LastUpgradeCheck = 1020;
				ORGANIZATIONNAME = "Ryan Elliott";
				TargetAttributes = {
					60248F0E226CCAB700D15454 = {
						CreatedOnToolsVersion = 10.2.1;
						LastSwiftMigration = 1100;
					};
				};
			};
			buildConfigurationList = 60248F0A226CCAB700D15454 /* Build configuration list for PBXProject "Trainer" */;
			compatibilityVersion = "Xcode 9.3";
			developmentRegion = en;
			hasScannedForEncodings = 0;
			knownRegions = (
				en,
				Base,
			);
			mainGroup = 60248F06226CCAB700D15454;
			productRefGroup = 60248F10226CCAB700D15454 /* Products */;
			projectDirPath = "";
			projectRoot = "";
			targets = (
				60248F0E226CCAB700D15454 /* Trainer */,
			);
		};
/* End PBXProject section */

/* Begin PBXResourcesBuildPhase section */
		60248F0D226CCAB700D15454 /* Resources */ = {
			isa = PBXResourcesBuildPhase;
			buildActionMask = 2147483647;
			files = (
				60248F1D226CCAB900D15454 /* Assets.xcassets in Resources */,
			);
			runOnlyForDeploymentPostprocessing = 0;
		};
/* End PBXResourcesBuildPhase section */

/* Begin PBXShellScriptBuildPhase section */
		54CD9843D70ED994E7BBB989 /* [CP] Embed Pods Frameworks */ = {
			isa = PBXShellScriptBuildPhase;
			buildActionMask = 2147483647;
			files = (
			);
			inputFileListPaths = (
				"${PODS_ROOT}/Target Support Files/Pods-Trainer/Pods-Trainer-frameworks-${CONFIGURATION}-input-files.xcfilelist",
			);
			name = "[CP] Embed Pods Frameworks";
			outputFileListPaths = (
				"${PODS_ROOT}/Target Support Files/Pods-Trainer/Pods-Trainer-frameworks-${CONFIGURATION}-output-files.xcfilelist",
			);
			runOnlyForDeploymentPostprocessing = 0;
			shellPath = /bin/sh;
			shellScript = "\"${PODS_ROOT}/Target Support Files/Pods-Trainer/Pods-Trainer-frameworks.sh\"\n";
			showEnvVarsInLog = 0;
		};
		973A4E20AEDDC82BB418E8B3 /* [CP] Check Pods Manifest.lock */ = {
			isa = PBXShellScriptBuildPhase;
			buildActionMask = 2147483647;
			files = (
			);
			inputFileListPaths = (
			);
			inputPaths = (
				"${PODS_PODFILE_DIR_PATH}/Podfile.lock",
				"${PODS_ROOT}/Manifest.lock",
			);
			name = "[CP] Check Pods Manifest.lock";
			outputFileListPaths = (
			);
			outputPaths = (
				"$(DERIVED_FILE_DIR)/Pods-Trainer-checkManifestLockResult.txt",
			);
			runOnlyForDeploymentPostprocessing = 0;
			shellPath = /bin/sh;
			shellScript = "diff \"${PODS_PODFILE_DIR_PATH}/Podfile.lock\" \"${PODS_ROOT}/Manifest.lock\" > /dev/null\nif [ $? != 0 ] ; then\n    # print error to STDERR\n    echo \"error: The sandbox is not in sync with the Podfile.lock. Run 'pod install' or update your CocoaPods installation.\" >&2\n    exit 1\nfi\n# This output is used by Xcode 'outputs' to avoid re-running this script phase.\necho \"SUCCESS\" > \"${SCRIPT_OUTPUT_FILE_0}\"\n";
			showEnvVarsInLog = 0;
		};
/* End PBXShellScriptBuildPhase section */

/* Begin PBXSourcesBuildPhase section */
		60248F0B226CCAB700D15454 /* Sources */ = {
			isa = PBXSourcesBuildPhase;
			buildActionMask = 2147483647;
			files = (
				6051DF7122D00012002364E4 /* LoginViewController.swift in Sources */,
				60F3CF1B22CE7910006F6436 /* WorkoutsSearchViewController.swift in Sources */,
				60F3CF3022CE85EE006F6436 /* WelcomeViewController.swift in Sources */,
				60F3CF1322CE788F006F6436 /* GymsSearchViewController.swift in Sources */,
				6051DF7322D0001B002364E4 /* SignUpViewController.swift in Sources */,
				605946E422ED1D8B0099C796 /* ProgressDatasource.swift in Sources */,
				60248F2F226CCC6C00D15454 /* SearchViewController.swift in Sources */,
				60F3CF2322CE796E006F6436 /* WorkoutDatasource.swift in Sources */,
				60F10CF622E80928004B8241 /* ProgressView.swift in Sources */,
				60248F2D226CCC6300D15454 /* HomeViewController.swift in Sources */,
				60F3CF1122CE7864006F6436 /* BaseSearchPageViewController.swift in Sources */,
				60F3CF1F22CE794F006F6436 /* SearchDataSource.swift in Sources */,
				60BDD3EE22925B5600128352 /* PostCellView.swift in Sources */,
				60248F1B226CCAB700D15454 /* Trainer.xcdatamodeld in Sources */,
				60248F31226CCC7600D15454 /* ProgressViewController.swift in Sources */,
				60BDD3E922923FEA00128352 /* ExpandablePostCell.swift in Sources */,
				6051DF6B22CEA411002364E4 /* BaseWelcomeViewController.swift in Sources */,
				6033D92F2278057800D74FAA /* User.swift in Sources */,
				60F3CF2A22CE7A3B006F6436 /* SearchHeader.swift in Sources */,
				60A58CA622DABF3400556651 /* SwipeViewController.swift in Sources */,
				6033D9312278062D00D74FAA /* Comment.swift in Sources */,
				605946E022EC1E210099C796 /* ProgressMiniHeaderView.swift in Sources */,
				60F9A8402298DC73007D34BD /* HomeScreenStoryCellView.swift in Sources */,
				60248F2B226CCC0F00D15454 /* TabBarController.swift in Sources */,
				6051DF7722D001CD002364E4 /* WelcomeAccountViewController.swift in Sources */,
				60CA46A02289108B0082893E /* ButtonWithImage.swift in Sources */,
				60CA4698228893C50082893E /* DetailedPostViewController.swift in Sources */,
				603D508D22DF65600023E856 /* ModernPostCell.swift in Sources */,
				60248F41226D391700D15454 /* Extensions.swift in Sources */,
				605946DE22EAB0180099C796 /* WorkoutCell.swift in Sources */,
				60CA4696228794370082893E /* ScrollableImageView.swift in Sources */,
				60F3CF2122CE7960006F6436 /* TrainersDataSource.swift in Sources */,
				60F3CF2822CE7A1C006F6436 /* SearchGymCell.swift in Sources */,
				6033D92D2278052F00D74FAA /* Post.swift in Sources */,
				60248F33226CCC7F00D15454 /* ProfileViewController.swift in Sources */,
				60F9A8442298FEDB007D34BD /* StoryImageView.swift in Sources */,
				6009A2182275266B00F5BD72 /* Constants.swift in Sources */,
				6087759422E5086F00FB1892 /* CustomFlowLayout.swift in Sources */,
				60F3CF1922CE78FD006F6436 /* TrainersSearchViewController.swift in Sources */,
				60F9A8422298EC3E007D34BD /* Story.swift in Sources */,
				60248F13226CCAB700D15454 /* AppDelegate.swift in Sources */,
				60BDD3F022925C6600128352 /* HomeScreenPostCellView.swift in Sources */,
				60F3CF2522CE79B4006F6436 /* Enums.swift in Sources */,
				608A36BA22E5549D0099D87C /* BorderedImageView.swift in Sources */,
				60CFC81F22CC22590077C71A /* PostBottomSheetViewController.swift in Sources */,
				60F3CF2C22CE7A4C006F6436 /* SearchHeaderCell.swift in Sources */,
				60F10CF422E808FC004B8241 /* ProgressMiniHeaderView.swift in Sources */,
				6051DF7522D00115002364E4 /* WelcomeAccountHeaderView.swift in Sources */,
				6051DF7922D0108A002364E4 /* SelectAvatarView.swift in Sources */,
				60CA469C22889BC10082893E /* ImagePreviewViewController.swift in Sources */,
				608A36BD22E6C1670099D87C /* ExperimentalSignInWithApple.swift in Sources */,
				60F3CF2E22CE7A65006F6436 /* SearchTrainerCell.swift in Sources */,
				60F3CF1D22CE792D006F6436 /* GymDataSource.swift in Sources */,
				605946E622ED2A7B0099C796 /* WorkoutCheckView.swift in Sources */,
				605946E222ECB7AD0099C796 /* ProgressHeaderView.swift in Sources */,
				60248F35226D110D00D15454 /* HomeViewController+NavBar.swift in Sources */,
			);
			runOnlyForDeploymentPostprocessing = 0;
		};
/* End PBXSourcesBuildPhase section */

/* Begin XCBuildConfiguration section */
		60248F22226CCAB900D15454 /* Debug */ = {
			isa = XCBuildConfiguration;
			buildSettings = {
				ALWAYS_SEARCH_USER_PATHS = NO;
				CLANG_ANALYZER_NONNULL = YES;
				CLANG_ANALYZER_NUMBER_OBJECT_CONVERSION = YES_AGGRESSIVE;
				CLANG_CXX_LANGUAGE_STANDARD = "gnu++14";
				CLANG_CXX_LIBRARY = "libc++";
				CLANG_ENABLE_MODULES = YES;
				CLANG_ENABLE_OBJC_ARC = YES;
				CLANG_ENABLE_OBJC_WEAK = YES;
				CLANG_WARN_BLOCK_CAPTURE_AUTORELEASING = YES;
				CLANG_WARN_BOOL_CONVERSION = YES;
				CLANG_WARN_COMMA = YES;
				CLANG_WARN_CONSTANT_CONVERSION = YES;
				CLANG_WARN_DEPRECATED_OBJC_IMPLEMENTATIONS = YES;
				CLANG_WARN_DIRECT_OBJC_ISA_USAGE = YES_ERROR;
				CLANG_WARN_DOCUMENTATION_COMMENTS = YES;
				CLANG_WARN_EMPTY_BODY = YES;
				CLANG_WARN_ENUM_CONVERSION = YES;
				CLANG_WARN_INFINITE_RECURSION = YES;
				CLANG_WARN_INT_CONVERSION = YES;
				CLANG_WARN_NON_LITERAL_NULL_CONVERSION = YES;
				CLANG_WARN_OBJC_IMPLICIT_RETAIN_SELF = YES;
				CLANG_WARN_OBJC_LITERAL_CONVERSION = YES;
				CLANG_WARN_OBJC_ROOT_CLASS = YES_ERROR;
				CLANG_WARN_RANGE_LOOP_ANALYSIS = YES;
				CLANG_WARN_STRICT_PROTOTYPES = YES;
				CLANG_WARN_SUSPICIOUS_MOVE = YES;
				CLANG_WARN_UNGUARDED_AVAILABILITY = YES_AGGRESSIVE;
				CLANG_WARN_UNREACHABLE_CODE = YES;
				CLANG_WARN__DUPLICATE_METHOD_MATCH = YES;
				CODE_SIGN_IDENTITY = "iPhone Developer";
				COPY_PHASE_STRIP = NO;
				DEBUG_INFORMATION_FORMAT = dwarf;
				ENABLE_STRICT_OBJC_MSGSEND = YES;
				ENABLE_TESTABILITY = YES;
				GCC_C_LANGUAGE_STANDARD = gnu11;
				GCC_DYNAMIC_NO_PIC = NO;
				GCC_NO_COMMON_BLOCKS = YES;
				GCC_OPTIMIZATION_LEVEL = 0;
				GCC_PREPROCESSOR_DEFINITIONS = (
					"DEBUG=1",
					"$(inherited)",
				);
				GCC_WARN_64_TO_32_BIT_CONVERSION = YES;
				GCC_WARN_ABOUT_RETURN_TYPE = YES_ERROR;
				GCC_WARN_UNDECLARED_SELECTOR = YES;
				GCC_WARN_UNINITIALIZED_AUTOS = YES_AGGRESSIVE;
				GCC_WARN_UNUSED_FUNCTION = YES;
				GCC_WARN_UNUSED_VARIABLE = YES;
				IPHONEOS_DEPLOYMENT_TARGET = 12.2;
				MTL_ENABLE_DEBUG_INFO = INCLUDE_SOURCE;
				MTL_FAST_MATH = YES;
				ONLY_ACTIVE_ARCH = YES;
				SDKROOT = iphoneos;
				SWIFT_ACTIVE_COMPILATION_CONDITIONS = DEBUG;
				SWIFT_OPTIMIZATION_LEVEL = "-Onone";
			};
			name = Debug;
		};
		60248F23226CCAB900D15454 /* Release */ = {
			isa = XCBuildConfiguration;
			buildSettings = {
				ALWAYS_SEARCH_USER_PATHS = NO;
				CLANG_ANALYZER_NONNULL = YES;
				CLANG_ANALYZER_NUMBER_OBJECT_CONVERSION = YES_AGGRESSIVE;
				CLANG_CXX_LANGUAGE_STANDARD = "gnu++14";
				CLANG_CXX_LIBRARY = "libc++";
				CLANG_ENABLE_MODULES = YES;
				CLANG_ENABLE_OBJC_ARC = YES;
				CLANG_ENABLE_OBJC_WEAK = YES;
				CLANG_WARN_BLOCK_CAPTURE_AUTORELEASING = YES;
				CLANG_WARN_BOOL_CONVERSION = YES;
				CLANG_WARN_COMMA = YES;
				CLANG_WARN_CONSTANT_CONVERSION = YES;
				CLANG_WARN_DEPRECATED_OBJC_IMPLEMENTATIONS = YES;
				CLANG_WARN_DIRECT_OBJC_ISA_USAGE = YES_ERROR;
				CLANG_WARN_DOCUMENTATION_COMMENTS = YES;
				CLANG_WARN_EMPTY_BODY = YES;
				CLANG_WARN_ENUM_CONVERSION = YES;
				CLANG_WARN_INFINITE_RECURSION = YES;
				CLANG_WARN_INT_CONVERSION = YES;
				CLANG_WARN_NON_LITERAL_NULL_CONVERSION = YES;
				CLANG_WARN_OBJC_IMPLICIT_RETAIN_SELF = YES;
				CLANG_WARN_OBJC_LITERAL_CONVERSION = YES;
				CLANG_WARN_OBJC_ROOT_CLASS = YES_ERROR;
				CLANG_WARN_RANGE_LOOP_ANALYSIS = YES;
				CLANG_WARN_STRICT_PROTOTYPES = YES;
				CLANG_WARN_SUSPICIOUS_MOVE = YES;
				CLANG_WARN_UNGUARDED_AVAILABILITY = YES_AGGRESSIVE;
				CLANG_WARN_UNREACHABLE_CODE = YES;
				CLANG_WARN__DUPLICATE_METHOD_MATCH = YES;
				CODE_SIGN_IDENTITY = "iPhone Developer";
				COPY_PHASE_STRIP = NO;
				DEBUG_INFORMATION_FORMAT = "dwarf-with-dsym";
				ENABLE_NS_ASSERTIONS = NO;
				ENABLE_STRICT_OBJC_MSGSEND = YES;
				GCC_C_LANGUAGE_STANDARD = gnu11;
				GCC_NO_COMMON_BLOCKS = YES;
				GCC_WARN_64_TO_32_BIT_CONVERSION = YES;
				GCC_WARN_ABOUT_RETURN_TYPE = YES_ERROR;
				GCC_WARN_UNDECLARED_SELECTOR = YES;
				GCC_WARN_UNINITIALIZED_AUTOS = YES_AGGRESSIVE;
				GCC_WARN_UNUSED_FUNCTION = YES;
				GCC_WARN_UNUSED_VARIABLE = YES;
				IPHONEOS_DEPLOYMENT_TARGET = 12.2;
				MTL_ENABLE_DEBUG_INFO = NO;
				MTL_FAST_MATH = YES;
				SDKROOT = iphoneos;
				SWIFT_COMPILATION_MODE = wholemodule;
				SWIFT_OPTIMIZATION_LEVEL = "-O";
				VALIDATE_PRODUCT = YES;
			};
			name = Release;
		};
		60248F25226CCAB900D15454 /* Debug */ = {
			isa = XCBuildConfiguration;
			baseConfigurationReference = AEE660003C4A9DB2260E64AF /* Pods-Trainer.debug.xcconfig */;
			buildSettings = {
				ASSETCATALOG_COMPILER_APPICON_NAME = AppIcon;
				CLANG_ENABLE_MODULES = YES;
				CODE_SIGN_ENTITLEMENTS = Trainer/Trainer.entitlements;
				CODE_SIGN_STYLE = Automatic;
				DEVELOPMENT_TEAM = 7C6T4SXM4J;
				INFOPLIST_FILE = "$(SRCROOT)/Trainer/Supporting Files/Info.plist";
				IPHONEOS_DEPLOYMENT_TARGET = 12.0;
				LD_RUNPATH_SEARCH_PATHS = (
					"$(inherited)",
					"@executable_path/Frameworks",
				);
				PRODUCT_BUNDLE_IDENTIFIER = com.ryanelliott.Trainer;
				PRODUCT_NAME = "$(TARGET_NAME)";
				SWIFT_OPTIMIZATION_LEVEL = "-Onone";
				SWIFT_VERSION = 4.2;
				TARGETED_DEVICE_FAMILY = "1,2";
			};
			name = Debug;
		};
		60248F26226CCAB900D15454 /* Release */ = {
			isa = XCBuildConfiguration;
			baseConfigurationReference = DA2034F8074CB63128A822F1 /* Pods-Trainer.release.xcconfig */;
			buildSettings = {
				ASSETCATALOG_COMPILER_APPICON_NAME = AppIcon;
				CLANG_ENABLE_MODULES = YES;
				CODE_SIGN_ENTITLEMENTS = Trainer/Trainer.entitlements;
				CODE_SIGN_STYLE = Automatic;
				DEVELOPMENT_TEAM = 7C6T4SXM4J;
				INFOPLIST_FILE = "$(SRCROOT)/Trainer/Supporting Files/Info.plist";
				IPHONEOS_DEPLOYMENT_TARGET = 12.0;
				LD_RUNPATH_SEARCH_PATHS = (
					"$(inherited)",
					"@executable_path/Frameworks",
				);
				PRODUCT_BUNDLE_IDENTIFIER = com.ryanelliott.Trainer;
				PRODUCT_NAME = "$(TARGET_NAME)";
				SWIFT_VERSION = 4.2;
				TARGETED_DEVICE_FAMILY = "1,2";
			};
			name = Release;
		};
/* End XCBuildConfiguration section */

/* Begin XCConfigurationList section */
		60248F0A226CCAB700D15454 /* Build configuration list for PBXProject "Trainer" */ = {
			isa = XCConfigurationList;
			buildConfigurations = (
				60248F22226CCAB900D15454 /* Debug */,
				60248F23226CCAB900D15454 /* Release */,
			);
			defaultConfigurationIsVisible = 0;
			defaultConfigurationName = Release;
		};
		60248F24226CCAB900D15454 /* Build configuration list for PBXNativeTarget "Trainer" */ = {
			isa = XCConfigurationList;
			buildConfigurations = (
				60248F25226CCAB900D15454 /* Debug */,
				60248F26226CCAB900D15454 /* Release */,
			);
			defaultConfigurationIsVisible = 0;
			defaultConfigurationName = Release;
		};
/* End XCConfigurationList section */

/* Begin XCVersionGroup section */
		60248F19226CCAB700D15454 /* Trainer.xcdatamodeld */ = {
			isa = XCVersionGroup;
			children = (
				60248F1A226CCAB700D15454 /* Trainer.xcdatamodel */,
			);
			currentVersion = 60248F1A226CCAB700D15454 /* Trainer.xcdatamodel */;
			path = Trainer.xcdatamodeld;
			sourceTree = "<group>";
			versionGroupType = wrapper.xcdatamodel;
		};
/* End XCVersionGroup section */
	};
	rootObject = 60248F07226CCAB700D15454 /* Project object */;
}
